{
  "name": "launchesimport",
  "version": "1.0.0",
  "lockfileVersion": 2,
  "requires": true,
  "packages": {
    "": {
      "name": "launchesimport",
      "version": "1.0.0",
      "license": "ISC",
      "dependencies": {
        "latlon-geohash": "^2.0.0"
      }
    },
    "node_modules/latlon-geohash": {
      "version": "2.0.0",
      "resolved": "https://registry.npmjs.org/latlon-geohash/-/latlon-geohash-2.0.0.tgz",
      "integrity": "sha512-OKBswTwrvTdtenV+9C9euBmvgGuqyjJNAzpQCarRz1m8/pYD2nz9fKkXmLs2S3jeXaLi3Ry76twQplKKUlgS/g=="
    }
  },
  "dependencies": {
    "latlon-geohash": {
      "version": "2.0.0",
      "resolved": "https://registry.npmjs.org/latlon-geohash/-/latlon-geohash-2.0.0.tgz",
      "integrity": "sha512-OKBswTwrvTdtenV+9C9euBmvgGuqyjJNAzpQCarRz1m8/pYD2nz9fKkXmLs2S3jeXaLi3Ry76twQplKKUlgS/g=="
    }
  }
}
